
Microsoft Visual Studio Solution File, Format Version 12.00
# Visual Studio Version 16
VisualStudioVersion = 16.0.29806.167
MinimumVisualStudioVersion = 10.0.40219.1
Project("{2150E333-8FDC-42A3-9474-1A3956D46DE8}") = "Solution Items", "Solution Items", "{31E96766-39CC-4CF7-B5CB-442F01A3A524}"
	ProjectSection(SolutionItems) = preProject
		.EDITORCONFIG = .EDITORCONFIG
		build\build.props = build\build.props
		LICENSE = LICENSE
		build\package.props = build\package.props
		README.md = README.md
	EndProjectSection
EndProject
Project("{9A19103F-16F7-4668-BE54-9A1E7A4F7556}") = "ActiveLogging", "src\ActiveLogging\ActiveLogging.csproj", "{1086B69E-6A61-46F4-BA52-17AD2F320A8E}"
EndProject
Project("{9A19103F-16F7-4668-BE54-9A1E7A4F7556}") = "ActiveLogging.Tests", "test\ActiveLogging.Tests\ActiveLogging.Tests.csproj", "{3A271EA2-F7F8-42A1-9687-1AF8323F1708}"
EndProject
Project("{9A19103F-16F7-4668-BE54-9A1E7A4F7556}") = "Demo", "src\Demo\Demo.csproj", "{79FC49DA-C1FE-47CD-9C08-C13C9801FAEC}"
EndProject
Project("{9A19103F-16F7-4668-BE54-9A1E7A4F7556}") = "ActiveStorage", "..\ActiveStorage\src\ActiveStorage\ActiveStorage.csproj", "{BF2203DB-22F1-4B0A-9627-0F942252B7F6}"
EndProject
Project("{9A19103F-16F7-4668-BE54-9A1E7A4F7556}") = "ActiveStorage.Sqlite", "..\ActiveStorage\src\ActiveStorage.Sqlite\ActiveStorage.Sqlite.csproj", "{1AA8B2F9-B3D9-4C41-90BA-1955F8BE29BD}"
EndProject
Project("{9A19103F-16F7-4668-BE54-9A1E7A4F7556}") = "ActiveStorage.Sql", "..\ActiveStorage\src\ActiveStorage.Sql\ActiveStorage.Sql.csproj", "{3C9C2B40-1D7B-475D-9793-270BC5016839}"
EndProject
Project("{2150E333-8FDC-42A3-9474-1A3956D46DE8}") = "demo", "demo", "{C2F2A779-03A0-43C8-9A10-5D835E76896D}"
EndProject
Global
	GlobalSection(SolutionConfigurationPlatforms) = preSolution
		Debug|Any CPU = Debug|Any CPU
		Package|Any CPU = Package|Any CPU
		Release|Any CPU = Release|Any CPU
	EndGlobalSection
	GlobalSection(ProjectConfigurationPlatforms) = postSolution
		{1086B69E-6A61-46F4-BA52-17AD2F320A8E}.Debug|Any CPU.ActiveCfg = Debug|Any CPU
		{1086B69E-6A61-46F4-BA52-17AD2F320A8E}.Debug|Any CPU.Build.0 = Debug|Any CPU
		{1086B69E-6A61-46F4-BA52-17AD2F320A8E}.Package|Any CPU.ActiveCfg = Package|Any CPU
		{1086B69E-6A61-46F4-BA52-17AD2F320A8E}.Package|Any CPU.Build.0 = Package|Any CPU
		{1086B69E-6A61-46F4-BA52-17AD2F320A8E}.Release|Any CPU.ActiveCfg = Release|Any CPU
		{1086B69E-6A61-46F4-BA52-17AD2F320A8E}.Release|Any CPU.Build.0 = Release|Any CPU
		{3A271EA2-F7F8-42A1-9687-1AF8323F1708}.Debug|Any CPU.ActiveCfg = Debug|Any CPU
		{3A271EA2-F7F8-42A1-9687-1AF8323F1708}.Debug|Any CPU.Build.0 = Debug|Any CPU
		{3A271EA2-F7F8-42A1-9687-1AF8323F1708}.Package|Any CPU.ActiveCfg = Release|Any CPU
		{3A271EA2-F7F8-42A1-9687-1AF8323F1708}.Package|Any CPU.Build.0 = Release|Any CPU
		{3A271EA2-F7F8-42A1-9687-1AF8323F1708}.Release|Any CPU.ActiveCfg = Release|Any CPU
		{3A271EA2-F7F8-42A1-9687-1AF8323F1708}.Release|Any CPU.Build.0 = Release|Any CPU
		{79FC49DA-C1FE-47CD-9C08-C13C9801FAEC}.Debug|Any CPU.ActiveCfg = Debug|Any CPU
		{79FC49DA-C1FE-47CD-9C08-C13C9801FAEC}.Debug|Any CPU.Build.0 = Debug|Any CPU
		{79FC49DA-C1FE-47CD-9C08-C13C9801FAEC}.Package|Any CPU.ActiveCfg = Debug|Any CPU
		{79FC49DA-C1FE-47CD-9C08-C13C9801FAEC}.Package|Any CPU.Build.0 = Debug|Any CPU
		{79FC49DA-C1FE-47CD-9C08-C13C9801FAEC}.Release|Any CPU.ActiveCfg = Release|Any CPU
		{79FC49DA-C1FE-47CD-9C08-C13C9801FAEC}.Release|Any CPU.Build.0 = Release|Any CPU
		{BF2203DB-22F1-4B0A-9627-0F942252B7F6}.Debug|Any CPU.ActiveCfg = Debug|Any CPU
		{BF2203DB-22F1-4B0A-9627-0F942252B7F6}.Debug|Any CPU.Build.0 = Debug|Any CPU
		{BF2203DB-22F1-4B0A-9627-0F942252B7F6}.Package|Any CPU.ActiveCfg = Package|Any CPU
		{BF2203DB-22F1-4B0A-9627-0F942252B7F6}.Package|Any CPU.Build.0 = Package|Any CPU
		{BF2203DB-22F1-4B0A-9627-0F942252B7F6}.Release|Any CPU.ActiveCfg = Release|Any CPU
		{BF2203DB-22F1-4B0A-9627-0F942252B7F6}.Release|Any CPU.Build.0 = Release|Any CPU
		{1AA8B2F9-B3D9-4C41-90BA-1955F8BE29BD}.Debug|Any CPU.ActiveCfg = Debug|Any CPU
		{1AA8B2F9-B3D9-4C41-90BA-1955F8BE29BD}.Debug|Any CPU.Build.0 = Debug|Any CPU
		{1AA8B2F9-B3D9-4C41-90BA-1955F8BE29BD}.Package|Any CPU.ActiveCfg = Debug|Any CPU
		{1AA8B2F9-B3D9-4C41-90BA-1955F8BE29BD}.Package|Any CPU.Build.0 = Debug|Any CPU
		{1AA8B2F9-B3D9-4C41-90BA-1955F8BE29BD}.Release|Any CPU.ActiveCfg = Release|Any CPU
		{1AA8B2F9-B3D9-4C41-90BA-1955F8BE29BD}.Release|Any CPU.Build.0 = Release|Any CPU
		{3C9C2B40-1D7B-475D-9793-270BC5016839}.Debug|Any CPU.ActiveCfg = Debug|Any CPU
		{3C9C2B40-1D7B-475D-9793-270BC5016839}.Debug|Any CPU.Build.0 = Debug|Any CPU
		{3C9C2B40-1D7B-475D-9793-270BC5016839}.Package|Any CPU.ActiveCfg = Debug|Any CPU
		{3C9C2B40-1D7B-475D-9793-270BC5016839}.Package|Any CPU.Build.0 = Debug|Any CPU
		{3C9C2B40-1D7B-475D-9793-270BC5016839}.Release|Any CPU.ActiveCfg = Release|Any CPU
		{3C9C2B40-1D7B-475D-9793-270BC5016839}.Release|Any CPU.Build.0 = Release|Any CPU
	EndGlobalSection
	GlobalSection(SolutionProperties) = preSolution
		HideSolutionNode = FALSE
	EndGlobalSection
	GlobalSection(NestedProjects) = preSolution
		{79FC49DA-C1FE-47CD-9C08-C13C9801FAEC} = {C2F2A779-03A0-43C8-9A10-5D835E76896D}
		{1AA8B2F9-B3D9-4C41-90BA-1955F8BE29BD} = {C2F2A779-03A0-43C8-9A10-5D835E76896D}
		{3C9C2B40-1D7B-475D-9793-270BC5016839} = {C2F2A779-03A0-43C8-9A10-5D835E76896D}
	EndGlobalSection
	GlobalSection(ExtensibilityGlobals) = postSolution
		SolutionGuid = {14CF596F-985E-49E4-A0FE-50FA0D1FF4D9}
	EndGlobalSection
EndGlobal
